
Microsoft Visual Studio Solution File, Format Version 12.00
# Visual Studio Version 16
VisualStudioVersion = 16.0.30406.217
MinimumVisualStudioVersion = 10.0.40219.1
Project("{9A19103F-16F7-4668-BE54-9A1E7A4F7556}") = "World Edit", "WorldEdit\World Edit.csproj", "{045E20F6-CF8C-4E69-BB45-617C7D1BC019}"
EndProject
Project("{9A19103F-16F7-4668-BE54-9A1E7A4F7556}") = "WorldEdit-UnitTest", "WorldEdit-UnitTest\WorldEdit-UnitTest.csproj", "{C20C1978-6CFD-4631-B37B-128FEF29DE77}"
EndProject
Project("{FAE04EC0-301F-11D3-BF4B-00C04F79EFBC}") = "WorldEdit-9.4", "WorldEdit-9.4\WorldEdit-9.4\WorldEdit-9.4.csproj", "{EE63A9C6-7E26-4932-B2C0-BC7655F5AF2A}"
EndProject
Global
	GlobalSection(SolutionConfigurationPlatforms) = preSolution
		Debug|Any CPU = Debug|Any CPU
		Release|Any CPU = Release|Any CPU
	EndGlobalSection
	GlobalSection(ProjectConfigurationPlatforms) = postSolution
		{045E20F6-CF8C-4E69-BB45-617C7D1BC019}.Debug|Any CPU.ActiveCfg = Debug|Any CPU
		{045E20F6-CF8C-4E69-BB45-617C7D1BC019}.Debug|Any CPU.Build.0 = Debug|Any CPU
		{045E20F6-CF8C-4E69-BB45-617C7D1BC019}.Release|Any CPU.ActiveCfg = Release|Any CPU
		{045E20F6-CF8C-4E69-BB45-617C7D1BC019}.Release|Any CPU.Build.0 = Release|Any CPU
		{C20C1978-6CFD-4631-B37B-128FEF29DE77}.Debug|Any CPU.ActiveCfg = Debug|Any CPU
		{C20C1978-6CFD-4631-B37B-128FEF29DE77}.Debug|Any CPU.Build.0 = Debug|Any CPU
		{C20C1978-6CFD-4631-B37B-128FEF29DE77}.Release|Any CPU.ActiveCfg = Release|Any CPU
		{C20C1978-6CFD-4631-B37B-128FEF29DE77}.Release|Any CPU.Build.0 = Release|Any CPU
		{EE63A9C6-7E26-4932-B2C0-BC7655F5AF2A}.Debug|Any CPU.ActiveCfg = Debug|Any CPU
		{EE63A9C6-7E26-4932-B2C0-BC7655F5AF2A}.Debug|Any CPU.Build.0 = Debug|Any CPU
		{EE63A9C6-7E26-4932-B2C0-BC7655F5AF2A}.Release|Any CPU.ActiveCfg = Release|Any CPU
		{EE63A9C6-7E26-4932-B2C0-BC7655F5AF2A}.Release|Any CPU.Build.0 = Release|Any CPU
	EndGlobalSection
	GlobalSection(SolutionProperties) = preSolution
		HideSolutionNode = FALSE
	EndGlobalSection
	GlobalSection(ExtensibilityGlobals) = postSolution
		SolutionGuid = {4C9DA5C4-6665-4A6B-8D67-8577C3D5F9C7}
	EndGlobalSection
EndGlobal
